
Microsoft Visual Studio Solution File, Format Version 12.00
# Visual Studio Version 16
VisualStudioVersion = 16.0.30717.126
MinimumVisualStudioVersion = 10.0.40219.1
Project("{FAE04EC0-301F-11D3-BF4B-00C04F79EFBC}") = "denemeee", "denemeee\denemeee.csproj", "{9B692AFF-3C64-42A9-BF94-6CAC3777239F}"
EndProject
Project("{FAE04EC0-301F-11D3-BF4B-00C04F79EFBC}") = "MyDictionary", "MyDictionary\MyDictionary.csproj", "{3BA38C8A-66C9-4FD0-9CA8-A2094B275D91}"
EndProject
Global
	GlobalSection(SolutionConfigurationPlatforms) = preSolution
		Debug|Any CPU = Debug|Any CPU
		Release|Any CPU = Release|Any CPU
	EndGlobalSection
	GlobalSection(ProjectConfigurationPlatforms) = postSolution
		{9B692AFF-3C64-42A9-BF94-6CAC3777239F}.Debug|Any CPU.ActiveCfg = Debug|Any CPU
		{9B692AFF-3C64-42A9-BF94-6CAC3777239F}.Debug|Any CPU.Build.0 = Debug|Any CPU
		{9B692AFF-3C64-42A9-BF94-6CAC3777239F}.Release|Any CPU.ActiveCfg = Release|Any CPU
		{9B692AFF-3C64-42A9-BF94-6CAC3777239F}.Release|Any CPU.Build.0 = Release|Any CPU
		{3BA38C8A-66C9-4FD0-9CA8-A2094B275D91}.Debug|Any CPU.ActiveCfg = Debug|Any CPU
		{3BA38C8A-66C9-4FD0-9CA8-A2094B275D91}.Debug|Any CPU.Build.0 = Debug|Any CPU
		{3BA38C8A-66C9-4FD0-9CA8-A2094B275D91}.Release|Any CPU.ActiveCfg = Release|Any CPU
		{3BA38C8A-66C9-4FD0-9CA8-A2094B275D91}.Release|Any CPU.Build.0 = Release|Any CPU
	EndGlobalSection
	GlobalSection(SolutionProperties) = preSolution
		HideSolutionNode = FALSE
	EndGlobalSection
	GlobalSection(ExtensibilityGlobals) = postSolution
		SolutionGuid = {9D7DBCA4-5F4D-4E80-A1F3-222FF44D3AC7}
	EndGlobalSection
EndGlobal
